
Microsoft Visual Studio Solution File, Format Version 12.00
# Visual Studio Version 17
VisualStudioVersion = 17.8.34322.80
MinimumVisualStudioVersion = 10.0.40219.1
Project("{FAE04EC0-301F-11D3-BF4B-00C04F79EFBC}") = "MooiereNaam", "MooiereNaam\MooiereNaam.csproj", "{EACDF5B9-DA17-41F4-915F-A6199C5DFA4E}"
EndProject
Global
	GlobalSection(SolutionConfigurationPlatforms) = preSolution
		Debug|Any CPU = Debug|Any CPU
		Release|Any CPU = Release|Any CPU
	EndGlobalSection
	GlobalSection(ProjectConfigurationPlatforms) = postSolution
		{EACDF5B9-DA17-41F4-915F-A6199C5DFA4E}.Debug|Any CPU.ActiveCfg = Debug|Any CPU
		{EACDF5B9-DA17-41F4-915F-A6199C5DFA4E}.Debug|Any CPU.Build.0 = Debug|Any CPU
		{EACDF5B9-DA17-41F4-915F-A6199C5DFA4E}.Release|Any CPU.ActiveCfg = Release|Any CPU
		{EACDF5B9-DA17-41F4-915F-A6199C5DFA4E}.Release|Any CPU.Build.0 = Release|Any CPU
	EndGlobalSection
	GlobalSection(SolutionProperties) = preSolution
		HideSolutionNode = FALSE
	EndGlobalSection
	GlobalSection(ExtensibilityGlobals) = postSolution
		SolutionGuid = {04269D75-5567-4FC9-99B6-1D8A4121EE2F}
	EndGlobalSection
EndGlobal
